
Microsoft Visual Studio Solution File, Format Version 12.00
# Visual Studio 15
VisualStudioVersion = 15.0.28307.852
MinimumVisualStudioVersion = 10.0.40219.1
Project("{8BC9CEB8-8B4A-11D0-8D11-00A0C91BC942}") = "lab04", "lab04\lab04.vcxproj", "{93BEB5A6-5103-4F78-81CB-8860DA7A79F1}"
EndProject
Global
	GlobalSection(SolutionConfigurationPlatforms) = preSolution
		Debug|x64 = Debug|x64
		Debug|x86 = Debug|x86
		Release|x64 = Release|x64
		Release|x86 = Release|x86
	EndGlobalSection
	GlobalSection(ProjectConfigurationPlatforms) = postSolution
		{93BEB5A6-5103-4F78-81CB-8860DA7A79F1}.Debug|x64.ActiveCfg = Debug|x64
		{93BEB5A6-5103-4F78-81CB-8860DA7A79F1}.Debug|x64.Build.0 = Debug|x64
		{93BEB5A6-5103-4F78-81CB-8860DA7A79F1}.Debug|x86.ActiveCfg = Debug|Win32
		{93BEB5A6-5103-4F78-81CB-8860DA7A79F1}.Debug|x86.Build.0 = Debug|Win32
		{93BEB5A6-5103-4F78-81CB-8860DA7A79F1}.Release|x64.ActiveCfg = Release|x64
		{93BEB5A6-5103-4F78-81CB-8860DA7A79F1}.Release|x64.Build.0 = Release|x64
		{93BEB5A6-5103-4F78-81CB-8860DA7A79F1}.Release|x86.ActiveCfg = Release|Win32
		{93BEB5A6-5103-4F78-81CB-8860DA7A79F1}.Release|x86.Build.0 = Release|Win32
	EndGlobalSection
	GlobalSection(SolutionProperties) = preSolution
		HideSolutionNode = FALSE
	EndGlobalSection
	GlobalSection(ExtensibilityGlobals) = postSolution
		SolutionGuid = {698D5E42-31AE-462D-8D34-E52863B6AFAF}
	EndGlobalSection
EndGlobal
