
Microsoft Visual Studio Solution File, Format Version 12.00
# Visual Studio 15
VisualStudioVersion = 15.0.28307.852
MinimumVisualStudioVersion = 10.0.40219.1
Project("{8BC9CEB8-8B4A-11D0-8D11-00A0C91BC942}") = "wejsciowka_7_", "wejsciowka_7_\wejsciowka_7_.vcxproj", "{1E72110B-9F96-4424-BBDB-AE84B6974F32}"
EndProject
Global
	GlobalSection(SolutionConfigurationPlatforms) = preSolution
		Debug|x64 = Debug|x64
		Debug|x86 = Debug|x86
		Release|x64 = Release|x64
		Release|x86 = Release|x86
	EndGlobalSection
	GlobalSection(ProjectConfigurationPlatforms) = postSolution
		{1E72110B-9F96-4424-BBDB-AE84B6974F32}.Debug|x64.ActiveCfg = Debug|x64
		{1E72110B-9F96-4424-BBDB-AE84B6974F32}.Debug|x64.Build.0 = Debug|x64
		{1E72110B-9F96-4424-BBDB-AE84B6974F32}.Debug|x86.ActiveCfg = Debug|Win32
		{1E72110B-9F96-4424-BBDB-AE84B6974F32}.Debug|x86.Build.0 = Debug|Win32
		{1E72110B-9F96-4424-BBDB-AE84B6974F32}.Release|x64.ActiveCfg = Release|x64
		{1E72110B-9F96-4424-BBDB-AE84B6974F32}.Release|x64.Build.0 = Release|x64
		{1E72110B-9F96-4424-BBDB-AE84B6974F32}.Release|x86.ActiveCfg = Release|Win32
		{1E72110B-9F96-4424-BBDB-AE84B6974F32}.Release|x86.Build.0 = Release|Win32
	EndGlobalSection
	GlobalSection(SolutionProperties) = preSolution
		HideSolutionNode = FALSE
	EndGlobalSection
	GlobalSection(ExtensibilityGlobals) = postSolution
		SolutionGuid = {A5797399-0F41-4525-AFF8-9AE06EF7A750}
	EndGlobalSection
EndGlobal
